
Microsoft Visual Studio Solution File, Format Version 12.00
# Visual Studio Version 17
VisualStudioVersion = 17.0.32112.339
MinimumVisualStudioVersion = 10.0.40219.1
Project("{FAE04EC0-301F-11D3-BF4B-00C04F79EFBC}") = "ImageRecognize.API", "ImageRecognize.API\ImageRecognize.API.csproj", "{ED159189-AA9C-4187-8E71-AE9EB43BC2E5}"
EndProject
Global
	GlobalSection(SolutionConfigurationPlatforms) = preSolution
		Debug|Any CPU = Debug|Any CPU
		Release|Any CPU = Release|Any CPU
	EndGlobalSection
	GlobalSection(ProjectConfigurationPlatforms) = postSolution
		{ED159189-AA9C-4187-8E71-AE9EB43BC2E5}.Debug|Any CPU.ActiveCfg = Debug|Any CPU
		{ED159189-AA9C-4187-8E71-AE9EB43BC2E5}.Debug|Any CPU.Build.0 = Debug|Any CPU
		{ED159189-AA9C-4187-8E71-AE9EB43BC2E5}.Release|Any CPU.ActiveCfg = Release|Any CPU
		{ED159189-AA9C-4187-8E71-AE9EB43BC2E5}.Release|Any CPU.Build.0 = Release|Any CPU
	EndGlobalSection
	GlobalSection(SolutionProperties) = preSolution
		HideSolutionNode = FALSE
	EndGlobalSection
	GlobalSection(ExtensibilityGlobals) = postSolution
		SolutionGuid = {A5558B0D-06A9-4279-9071-4E7EE5A0687C}
	EndGlobalSection
EndGlobal
